
Microsoft Visual Studio Solution File, Format Version 12.00
Project("{FAE04EC0-301F-11D3-BF4B-00C04F79EFBC}") = "importantThingsCSharp", "importantThingsCSharp\importantThingsCSharp.csproj", "{33D07BB6-0247-4A10-977D-A58D7B9B1937}"
EndProject
Global
	GlobalSection(SolutionConfigurationPlatforms) = preSolution
		Debug|Any CPU = Debug|Any CPU
		Release|Any CPU = Release|Any CPU
	EndGlobalSection
	GlobalSection(ProjectConfigurationPlatforms) = postSolution
		{33D07BB6-0247-4A10-977D-A58D7B9B1937}.Debug|Any CPU.ActiveCfg = Debug|Any CPU
		{33D07BB6-0247-4A10-977D-A58D7B9B1937}.Debug|Any CPU.Build.0 = Debug|Any CPU
		{33D07BB6-0247-4A10-977D-A58D7B9B1937}.Release|Any CPU.ActiveCfg = Release|Any CPU
		{33D07BB6-0247-4A10-977D-A58D7B9B1937}.Release|Any CPU.Build.0 = Release|Any CPU
	EndGlobalSection
EndGlobal
